// !$*UTF8*$!
{
	archiveVersion = 1;
	classes = {
	};
	objectVersion = 46;
	objects = {

/* Begin PBXFileReference section */
		AB8F2DAD1BEC33EE0007A5B2 /* Model.xcdatamodel */ = {isa = PBXFileReference; lastKnownFileType = wrapper.xcdatamodel; path = Model.xcdatamodel; sourceTree = "<group>"; };
/* End PBXFileReference section */

/* Begin PBXGroup section */
		AB8F2DA51BEC33B20007A5B2 = {
			isa = PBXGroup;
			children = (
				AB8F2DAC1BEC33EE0007A5B2 /* Model.xcdatamodeld */,
			);
			sourceTree = "<group>";
		};
/* End PBXGroup section */

/* Begin PBXProject section */
		AB8F2DA61BEC33B20007A5B2 /* Project object */ = {
			isa = PBXProject;
			attributes = {
				LastUpgradeCheck = 0710;
			};
			buildConfigurationList = AB8F2DA91BEC33B20007A5B2 /* Build configuration list for PBXProject "death-star-xcode" */;
			compatibilityVersion = "Xcode 3.2";
			developmentRegion = English;
			hasScannedForEncodings = 0;
			knownRegions = (
				en,
			);
			mainGroup = AB8F2DA51BEC33B20007A5B2;
			projectDirPath = "";
			projectRoot = "";
			targets = (
			);
		};
/* End PBXProject section */

/* Begin XCBuildConfiguration section */
		AB8F2DAA1BEC33B20007A5B2 /* Debug */ = {
			isa = XCBuildConfiguration;
			buildSettings = {
			};
			name = Debug;
		};
		AB8F2DAB1BEC33B20007A5B2 /* Release */ = {
			isa = XCBuildConfiguration;
			buildSettings = {
			};
			name = Release;
		};
/* End XCBuildConfiguration section */

/* Begin XCConfigurationList section */
		AB8F2DA91BEC33B20007A5B2 /* Build configuration list for PBXProject "death-star-xcode" */ = {
			isa = XCConfigurationList;
			buildConfigurations = (
				AB8F2DAA1BEC33B20007A5B2 /* Debug */,
				AB8F2DAB1BEC33B20007A5B2 /* Release */,
			);
			defaultConfigurationIsVisible = 0;
			defaultConfigurationName = Release;
		};
/* End XCConfigurationList section */

/* Begin XCVersionGroup section */
		AB8F2DAC1BEC33EE0007A5B2 /* Model.xcdatamodeld */ = {
			isa = XCVersionGroup;
			children = (
				AB8F2DAD1BEC33EE0007A5B2 /* Model.xcdatamodel */,
			);
			currentVersion = AB8F2DAD1BEC33EE0007A5B2 /* Model.xcdatamodel */;
			path = Model.xcdatamodeld;
			sourceTree = "<group>";
			versionGroupType = wrapper.xcdatamodel;
		};
/* End XCVersionGroup section */
	};
	rootObject = AB8F2DA61BEC33B20007A5B2 /* Project object */;
}
