// !$*UTF8*$!
{
	archiveVersion = 1;
	classes = {
	};
	objectVersion = 46;
	objects = {

/* Begin PBXGroup section */
		AB8F2DA51BEC33B20007A5B2 = {
			isa = PBXGroup;
			children = (
			);
			sourceTree = "<group>";
		};
/* End PBXGroup section */

/* Begin PBXProject section */
		AB8F2DA61BEC33B20007A5B2 /* Project object */ = {
			isa = PBXProject;
			attributes = {
				LastUpgradeCheck = 0710;
			};
			buildConfigurationList = AB8F2DA91BEC33B20007A5B2 /* Build configuration list for PBXProject "death-star-xcode" */;
			compatibilityVersion = "Xcode 3.2";
			developmentRegion = English;
			hasScannedForEncodings = 0;
			knownRegions = (
				en,
			);
			mainGroup = AB8F2DA51BEC33B20007A5B2;
			projectDirPath = "";
			projectRoot = "";
			targets = (
			);
		};
/* End PBXProject section */

/* Begin XCBuildConfiguration section */
		AB8F2DAA1BEC33B20007A5B2 /* Debug */ = {
			isa = XCBuildConfiguration;
			buildSettings = {
			};
			name = Debug;
		};
		AB8F2DAB1BEC33B20007A5B2 /* Release */ = {
			isa = XCBuildConfiguration;
			buildSettings = {
			};
			name = Release;
		};
/* End XCBuildConfiguration section */

/* Begin XCConfigurationList section */
		AB8F2DA91BEC33B20007A5B2 /* Build configuration list for PBXProject "death-star-xcode" */ = {
			isa = XCConfigurationList;
			buildConfigurations = (
				AB8F2DAA1BEC33B20007A5B2 /* Debug */,
				AB8F2DAB1BEC33B20007A5B2 /* Release */,
			);
			defaultConfigurationIsVisible = 0;
			defaultConfigurationName = Release;
		};
/* End XCConfigurationList section */
	};
	rootObject = AB8F2DA61BEC33B20007A5B2 /* Project object */;
}
